<?xml version="1.0" encoding="utf-8"?>
<Project ToolsVersion="4.0" xmlns="http://schemas.microsoft.com/developer/msbuild/2003">
  <ItemGroup>
    <ClCompile Include="Source\Enemy\Enemy.cpp">
      <Filter>Enemy</Filter>
    </ClCompile>
    <ClCompile Include="Source\Enemy\Enemy2D.cpp">
      <Filter>Enemy</Filter>
    </ClCompile>
    <ClCompile Include="Source\Application.cpp">
      <Filter>Source Files</Filter>
    </ClCompile>
    <ClCompile Include="Source\Camera\Camera.cpp">
      <Filter>Camera</Filter>
    </ClCompile>
    <ClCompile Include="Source\Enemy\Chaser.cpp">
      <Filter>Enemy</Filter>
    </ClCompile>
    <ClCompile Include="Source\EntityManager.cpp">
      <Filter>Source Files</Filter>
    </ClCompile>
    <ClCompile Include="Source\FPSCamera.cpp">
      <Filter>Source Files</Filter>
    </ClCompile>
    <ClCompile Include="Source\Level\GenerateHeatmap.cpp">
      <Filter>Level</Filter>
    </ClCompile>
    <ClCompile Include="Source\Level\Grid.cpp">
      <Filter>Level</Filter>
    </ClCompile>
    <ClCompile Include="Source\Level\Heatmap.cpp">
      <Filter>Level</Filter>
    </ClCompile>
    <ClCompile Include="Source\Level\Level.cpp">
      <Filter>Level</Filter>
    </ClCompile>
    <ClCompile Include="Source\GenericEntity.cpp">
      <Filter>Source Files</Filter>
    </ClCompile>
    <ClCompile Include="Source\GameStateManagement\HelpState.cpp">
      <Filter>GameStateManagement</Filter>
    </ClCompile>
    <ClCompile Include="Source\GameStateManagement\IntroState.cpp">
      <Filter>GameStateManagement</Filter>
    </ClCompile>
    <ClCompile Include="Source\GameStateManagement\MenuState.cpp">
      <Filter>GameStateManagement</Filter>
    </ClCompile>
    <ClCompile Include="Source\Particle\Particle.cpp">
      <Filter>Particle</Filter>
    </ClCompile>
    <ClCompile Include="Source\OBJMesh.cpp">
      <Filter>Source Files</Filter>
    </ClCompile>
    <ClCompile Include="Source\WeaponInfo\LaserBlaster.cpp">
      <Filter>WeaponInfo</Filter>
    </ClCompile>
    <ClCompile Include="Source\Light.cpp">
      <Filter>Source Files</Filter>
    </ClCompile>
    <ClCompile Include="Source\Lua\LuaInterface.cpp">
      <Filter>Lua</Filter>
    </ClCompile>
    <ClCompile Include="Source\main.cpp">
      <Filter>Source Files</Filter>
    </ClCompile>
    <ClCompile Include="Source\Level\Minimap.cpp">
      <Filter>Level</Filter>
    </ClCompile>
    <ClCompile Include="Source\GameStateManagement\OptionState.cpp">
      <Filter>GameStateManagement</Filter>
    </ClCompile>
    <ClCompile Include="Source\PlayerInfo\PlayerInfo.cpp">
      <Filter>PlayerInfo</Filter>
    </ClCompile>
    <ClCompile Include="Source\WeaponInfo\Laser.cpp">
      <Filter>Projectile</Filter>
    </ClCompile>
    <ClCompile Include="Source\Projectile\Projectile.cpp">
      <Filter>Projectile</Filter>
    </ClCompile>
    <ClCompile Include="Source\SceneText.cpp">
      <Filter>Source Files</Filter>
    </ClCompile>
    <ClCompile Include="Source\Level\Room.cpp">
      <Filter>Level</Filter>
    </ClCompile>
    <ClCompile Include="Source\Level\SpatialPartition.cpp">
      <Filter>Level</Filter>
    </ClCompile>
    <ClCompile Include="Source\SceneGraph\Transform.cpp">
      <Filter>Source Files</Filter>
    </ClCompile>
    <ClCompile Include="Source\TextEntity.cpp">
      <Filter>Source Files</Filter>
    </ClCompile>
    <ClCompile Include="Source\SpriteEntity.cpp">
      <Filter>Source Files</Filter>
    </ClCompile>
    <ClCompile Include="Source\SceneGraph\UpdateTransformation.cpp">
      <Filter>Source Files</Filter>
    </ClCompile>
    <ClCompile Include="Source\Waypoint\Waypoint.cpp">
      <Filter>Waypoint</Filter>
    </ClCompile>
    <ClCompile Include="Source\Waypoint\WaypointManager.cpp">
      <Filter>Waypoint</Filter>
    </ClCompile>
    <ClCompile Include="Source\WeaponInfo\WeaponInfo.cpp">
      <Filter>WeaponInfo</Filter>
    </ClCompile>
    <ClCompile Include="Source\Items\Powerup.cpp">
      <Filter>Items</Filter>
    </ClCompile>
    <ClCompile Include="Source\SpriteAnimation\SpriteAnimation.cpp">
      <Filter>SpriteAnimation</Filter>
    </ClCompile>
    <ClCompile Include="Source\Items\Treasure.cpp">
      <Filter>Items</Filter>
    </ClCompile>
    <ClCompile Include="Source\Enemy\FlyingTongue.cpp">
      <Filter>Enemy</Filter>
    </ClCompile>
    <ClCompile Include="Source\Obstacle\Obstacle.cpp">
      <Filter>Obstacle</Filter>
    </ClCompile>
    <ClCompile Include="Source\Enemy\Skull.cpp">
      <Filter>Enemy</Filter>
    </ClCompile>
    <ClCompile Include="Source\Enemy\Spitter.cpp">
      <Filter>Enemy</Filter>
    </ClCompile>
    <ClCompile Include="Source\Projectile\Ghast.cpp">
      <Filter>Projectile</Filter>
    </ClCompile>
    <ClCompile Include="Source\Projectile\Spit.cpp">
      <Filter>Projectile</Filter>
    </ClCompile>
    <ClCompile Include="Source\Enemy\Reaper.cpp">
      <Filter>Enemy</Filter>
    </ClCompile>
  </ItemGroup>
  <ItemGroup>
    <ClInclude Include="Source\Enemy\Enemy.h">
      <Filter>Enemy</Filter>
    </ClInclude>
    <ClInclude Include="Source\Enemy\Enemy2D.h">
      <Filter>Enemy</Filter>
    </ClInclude>
    <ClInclude Include="Source\Camera\Camera.h">
      <Filter>Camera</Filter>
    </ClInclude>
    <ClInclude Include="Source\Application.h">
      <Filter>Header Files</Filter>
    </ClInclude>
    <ClInclude Include="Source\Enemy\Chaser.h">
      <Filter>Enemy</Filter>
    </ClInclude>
    <ClInclude Include="Source\EntityManager.h">
      <Filter>Header Files</Filter>
    </ClInclude>
    <ClInclude Include="Source\FPSCamera.h">
      <Filter>Header Files</Filter>
    </ClInclude>
    <ClInclude Include="Source\Level\GenerateHeatmap.h">
      <Filter>Level</Filter>
    </ClInclude>
    <ClInclude Include="Source\Level\Grid.h">
      <Filter>Level</Filter>
    </ClInclude>
    <ClInclude Include="Source\Level\Heatmap.h">
      <Filter>Level</Filter>
    </ClInclude>
    <ClInclude Include="Source\Level\Level.h">
      <Filter>Level</Filter>
    </ClInclude>
    <ClInclude Include="Source\GenericEntity.h">
      <Filter>Header Files</Filter>
    </ClInclude>
    <ClInclude Include="Source\GameStateManagement\HelpState.h">
      <Filter>GameStateManagement</Filter>
    </ClInclude>
    <ClInclude Include="Source\GameStateManagement\IntroState.h">
      <Filter>GameStateManagement</Filter>
    </ClInclude>
    <ClInclude Include="Source\GameStateManagement\MenuState.h">
      <Filter>GameStateManagement</Filter>
    </ClInclude>
    <ClInclude Include="Source\Particle\Particle.h">
      <Filter>Particle</Filter>
    </ClInclude>
    <ClInclude Include="Source\WeaponInfo\LaserBlaster.h">
      <Filter>WeaponInfo</Filter>
    </ClInclude>
    <ClInclude Include="Source\Lua\lauxlib.h">
      <Filter>Lua</Filter>
    </ClInclude>
    <ClInclude Include="Source\Light.h">
      <Filter>Header Files</Filter>
    </ClInclude>
    <ClInclude Include="Source\Lua\lua.h">
      <Filter>Lua</Filter>
    </ClInclude>
    <ClInclude Include="Source\Lua\lua.hpp">
      <Filter>Lua</Filter>
    </ClInclude>
    <ClInclude Include="Source\Lua\luaconf.h">
      <Filter>Lua</Filter>
    </ClInclude>
    <ClInclude Include="Source\Lua\LuaInterface.h">
      <Filter>Lua</Filter>
    </ClInclude>
    <ClInclude Include="Source\Lua\lualib.h">
      <Filter>Lua</Filter>
    </ClInclude>
    <ClInclude Include="Source\Level\Minimap.h">
      <Filter>Level</Filter>
    </ClInclude>
    <ClInclude Include="Source\OBJMesh.h">
      <Filter>Header Files</Filter>
    </ClInclude>
    <ClInclude Include="Source\GameStateManagement\OptionState.h">
      <Filter>GameStateManagement</Filter>
    </ClInclude>
    <ClInclude Include="Source\PlayerInfo\PlayerInfo.h">
      <Filter>PlayerInfo</Filter>
    </ClInclude>
    <ClInclude Include="Source\WeaponInfo\Laser.h">
      <Filter>Projectile</Filter>
    </ClInclude>
    <ClInclude Include="Source\Projectile\Projectile.h">
      <Filter>Projectile</Filter>
    </ClInclude>
    <ClInclude Include="Source\SceneText.h">
      <Filter>Header Files</Filter>
    </ClInclude>
    <ClInclude Include="Source\Level\Room.h">
      <Filter>Level</Filter>
    </ClInclude>
    <ClInclude Include="Source\Level\SpatialPartition.h">
      <Filter>Level</Filter>
    </ClInclude>
    <ClInclude Include="Source\Waypoint\Waypoint.h">
      <Filter>Waypoint</Filter>
    </ClInclude>
    <ClInclude Include="Source\Waypoint\WaypointManager.h">
      <Filter>Waypoint</Filter>
    </ClInclude>
    <ClInclude Include="Source\WeaponInfo\WeaponInfo.h">
      <Filter>WeaponInfo</Filter>
    </ClInclude>
    <ClInclude Include="Source\TextEntity.h">
      <Filter>Header Files</Filter>
    </ClInclude>
    <ClInclude Include="Source\SpriteEntity.h">
      <Filter>Header Files</Filter>
    </ClInclude>
    <ClInclude Include="Source\SceneGraph\Transform.h">
      <Filter>Header Files</Filter>
    </ClInclude>
    <ClInclude Include="Source\SceneGraph\UpdateTransformation.h">
      <Filter>Header Files</Filter>
    </ClInclude>
    <ClInclude Include="Source\Items\Powerup.h">
      <Filter>Items</Filter>
    </ClInclude>
    <ClInclude Include="Source\SpriteAnimation\SpriteAnimation.h">
      <Filter>SpriteAnimation</Filter>
    </ClInclude>
    <ClInclude Include="Source\Items\Treasure.h">
      <Filter>Items</Filter>
    </ClInclude>
    <ClInclude Include="Source\Enemy\FlyingTongue.h">
      <Filter>Enemy</Filter>
    </ClInclude>
    <ClInclude Include="Source\Obstacle\Obstacle.h">
      <Filter>Obstacle</Filter>
    </ClInclude>
    <ClInclude Include="Source\Enemy\Skull.h">
      <Filter>Enemy</Filter>
    </ClInclude>
    <ClInclude Include="Source\Enemy\Spitter.h">
      <Filter>Enemy</Filter>
    </ClInclude>
    <ClInclude Include="Source\Projectile\Ghast.h">
      <Filter>Projectile</Filter>
    </ClInclude>
    <ClInclude Include="Source\Projectile\Spit.h">
      <Filter>Projectile</Filter>
    </ClInclude>
    <ClInclude Include="Source\Enemy\Reaper.h">
      <Filter>Enemy</Filter>
    </ClInclude>
  </ItemGroup>
  <ItemGroup>
    <Filter Include="Enemy">
      <UniqueIdentifier>{1e165096-ecbe-4e91-a47b-b02a1be0cc2a}</UniqueIdentifier>
    </Filter>
    <Filter Include="Header Files">
      <UniqueIdentifier>{f5e5eafe-2b27-4b31-bd7d-4706eba6d78d}</UniqueIdentifier>
    </Filter>
    <Filter Include="Source Files">
      <UniqueIdentifier>{3a98b0aa-24be-4f9c-8302-c63abf6819f7}</UniqueIdentifier>
    </Filter>
    <Filter Include="Camera">
      <UniqueIdentifier>{ef126319-d273-4869-9fb6-b060943c5b7a}</UniqueIdentifier>
    </Filter>
    <Filter Include="Lua">
      <UniqueIdentifier>{c41b9451-8bd3-46ee-99a6-921c57b836b1}</UniqueIdentifier>
    </Filter>
    <Filter Include="Level">
      <UniqueIdentifier>{f3997367-48f0-4682-b872-df5c815bc1a4}</UniqueIdentifier>
    </Filter>
    <Filter Include="PlayerInfo">
      <UniqueIdentifier>{0352d000-1ae1-42be-908a-812dc8e9c02c}</UniqueIdentifier>
    </Filter>
    <Filter Include="Projectile">
      <UniqueIdentifier>{788f182a-8eeb-4a04-a889-8c551b347699}</UniqueIdentifier>
    </Filter>
    <Filter Include="GameStateManagement">
      <UniqueIdentifier>{f21c3275-cc77-4b81-b782-e60b490a0d4e}</UniqueIdentifier>
    </Filter>
    <Filter Include="Shader">
      <UniqueIdentifier>{22690a5f-a5a8-4ac8-b875-ed8a68bbfa6d}</UniqueIdentifier>
    </Filter>
    <Filter Include="Waypoint">
      <UniqueIdentifier>{e9e74d12-1f17-42c7-ae5d-0153ad8e82ae}</UniqueIdentifier>
    </Filter>
    <Filter Include="WeaponInfo">
      <UniqueIdentifier>{9f299c88-7044-4ad5-8118-0fb8c3737175}</UniqueIdentifier>
    </Filter>
    <Filter Include="Items">
      <UniqueIdentifier>{8d35496c-7e97-45eb-9163-975b72921092}</UniqueIdentifier>
    </Filter>
    <Filter Include="Particle">
      <UniqueIdentifier>{a07cdc8b-c123-4b80-9959-83843b5945da}</UniqueIdentifier>
    </Filter>
    <Filter Include="SpriteAnimation">
      <UniqueIdentifier>{564f550c-98ed-4288-ae5c-a457202f1892}</UniqueIdentifier>
    </Filter>
    <Filter Include="Obstacle">
      <UniqueIdentifier>{52c77462-acf3-4e39-9e13-fca55c419393}</UniqueIdentifier>
    </Filter>
  </ItemGroup>
</Project>